filippo.io/edwards25519 v1.2.0 h1:crnVqOiS4jqYleHd9vaKZ+HKtHfllngJIiOpNpoJsjo=
filippo.io/edwards25519 v1.2.0/go.mod h1:xzAOLCNug/yB62zG1bQ8uziwrIqIuxhctzJT18Q77mc=
github.com/coder/websocket v1.8.14 h1:9L0p0iKiNOibykf283eHkKUHHrpG7f65OE3BhhO7v9g=
github.com/coder/websocket v1.8.14/go.mod h1:NX3SzP+inril6yawo5CQXx8+fk145lPDC6pumgx0mVg=
github.com/schollz/pake/v3 v3.1.1 h1:lyoU5uNQ3thfjEzrahgxWWBm6+pbI1F2KAZ3gs6LIV8=
github.com/schollz/pake/v3 v3.1.1/go.mod h1:420+m3AakXcS0n7Uwc7eRs2CosQ2YfE/vKcIkilvqZc=
github.com/tscholl2/siec v0.0.0-20240310163802-c2c6f6198406 h1:sDWDZkwYqX0jvLWstKzFwh+pYhQNaVg65BgSkCP/f7U=
github.com/tscholl2/siec v0.0.0-20240310163802-c2c6f6198406/go.mod h1:KL9+ubr1JZdaKjgAaHr+tCytEncXBa1pR6FjbTsOJnw=
golang.org/x/crypto v0.49.0 h1:+Ng2ULVvLHnJ/ZFEq4KdcDd/cfjrrjjNSXNzxg0Y4U4=
golang.org/x/crypto v0.49.0/go.mod h1:ErX4dUh2UM+CFYiXZRTcMpEcN8b/1gxEuv3nODoYtCA=
golang.org/x/sys v0.42.0 h1:omrd2nAlyT5ESRdCLYdm3+fMfNFE/+Rf4bDIQImRJeo=
golang.org/x/sys v0.42.0/go.mod h1:4GL1E5IUh+htKOUEOaiffhrAeqysfVGipDYzABqnCmw=
